
Microsoft Visual Studio Solution File, Format Version 12.00
# Visual Studio Version 17
VisualStudioVersion = 17.9.34607.119
MinimumVisualStudioVersion = 10.0.40219.1
Project("{9A19103F-16F7-4668-BE54-9A1E7A4F7556}") = "Fileservice.WebApi", "FileService.WebApi\Fileservice.WebApi.csproj", "{0438AAE2-84B5-4FE0-9397-02532C650274}"
EndProject
Project("{9A19103F-16F7-4668-BE54-9A1E7A4F7556}") = "Fileservice.Models", "FileService.Models\Fileservice.Models.csproj", "{9121D23B-217C-4791-8D70-B4A32436EC2C}"
EndProject
Project("{9A19103F-16F7-4668-BE54-9A1E7A4F7556}") = "Fileservice.DataStore", "FileService.DataStore\Fileservice.DataStore.csproj", "{180EA48D-47A2-4354-BC58-E29B8C5755C8}"
EndProject
Project("{E53339B2-1760-4266-BCC7-CA923CBCF16C}") = "docker-compose", "docker-compose.dcproj", "{2D44D247-75B0-4DE9-9125-0DA2F9B1A709}"
EndProject
Project("{2150E333-8FDC-42A3-9474-1A3956D46DE8}") = "Tests", "Tests", "{DB2AAFE6-A0B7-4DFD-98FD-42D4CDEFAA70}"
EndProject
Project("{9A19103F-16F7-4668-BE54-9A1E7A4F7556}") = "FileService.Clients", "FileService.Clients\FileService.Clients.csproj", "{EF1B8908-422D-4B88-B3C6-8C4D8D37FEA9}"
EndProject
Project("{9A19103F-16F7-4668-BE54-9A1E7A4F7556}") = "FileService.Tests.Integration", "FileService.Tests.Integration\FileService.Tests.Integration.csproj", "{55C10B69-8E68-4F3A-82CF-E7E146AA0FDB}"
EndProject
Global
	GlobalSection(SolutionConfigurationPlatforms) = preSolution
		Debug|Any CPU = Debug|Any CPU
		Release|Any CPU = Release|Any CPU
	EndGlobalSection
	GlobalSection(ProjectConfigurationPlatforms) = postSolution
		{0438AAE2-84B5-4FE0-9397-02532C650274}.Debug|Any CPU.ActiveCfg = Debug|Any CPU
		{0438AAE2-84B5-4FE0-9397-02532C650274}.Debug|Any CPU.Build.0 = Debug|Any CPU
		{0438AAE2-84B5-4FE0-9397-02532C650274}.Release|Any CPU.ActiveCfg = Release|Any CPU
		{0438AAE2-84B5-4FE0-9397-02532C650274}.Release|Any CPU.Build.0 = Release|Any CPU
		{9121D23B-217C-4791-8D70-B4A32436EC2C}.Debug|Any CPU.ActiveCfg = Debug|Any CPU
		{9121D23B-217C-4791-8D70-B4A32436EC2C}.Debug|Any CPU.Build.0 = Debug|Any CPU
		{9121D23B-217C-4791-8D70-B4A32436EC2C}.Release|Any CPU.ActiveCfg = Release|Any CPU
		{9121D23B-217C-4791-8D70-B4A32436EC2C}.Release|Any CPU.Build.0 = Release|Any CPU
		{180EA48D-47A2-4354-BC58-E29B8C5755C8}.Debug|Any CPU.ActiveCfg = Debug|Any CPU
		{180EA48D-47A2-4354-BC58-E29B8C5755C8}.Debug|Any CPU.Build.0 = Debug|Any CPU
		{180EA48D-47A2-4354-BC58-E29B8C5755C8}.Release|Any CPU.ActiveCfg = Release|Any CPU
		{180EA48D-47A2-4354-BC58-E29B8C5755C8}.Release|Any CPU.Build.0 = Release|Any CPU
		{2D44D247-75B0-4DE9-9125-0DA2F9B1A709}.Debug|Any CPU.ActiveCfg = Debug|Any CPU
		{2D44D247-75B0-4DE9-9125-0DA2F9B1A709}.Debug|Any CPU.Build.0 = Debug|Any CPU
		{2D44D247-75B0-4DE9-9125-0DA2F9B1A709}.Release|Any CPU.ActiveCfg = Release|Any CPU
		{2D44D247-75B0-4DE9-9125-0DA2F9B1A709}.Release|Any CPU.Build.0 = Release|Any CPU
		{EF1B8908-422D-4B88-B3C6-8C4D8D37FEA9}.Debug|Any CPU.ActiveCfg = Debug|Any CPU
		{EF1B8908-422D-4B88-B3C6-8C4D8D37FEA9}.Debug|Any CPU.Build.0 = Debug|Any CPU
		{EF1B8908-422D-4B88-B3C6-8C4D8D37FEA9}.Release|Any CPU.ActiveCfg = Release|Any CPU
		{EF1B8908-422D-4B88-B3C6-8C4D8D37FEA9}.Release|Any CPU.Build.0 = Release|Any CPU
		{55C10B69-8E68-4F3A-82CF-E7E146AA0FDB}.Debug|Any CPU.ActiveCfg = Debug|Any CPU
		{55C10B69-8E68-4F3A-82CF-E7E146AA0FDB}.Debug|Any CPU.Build.0 = Debug|Any CPU
		{55C10B69-8E68-4F3A-82CF-E7E146AA0FDB}.Release|Any CPU.ActiveCfg = Release|Any CPU
		{55C10B69-8E68-4F3A-82CF-E7E146AA0FDB}.Release|Any CPU.Build.0 = Release|Any CPU
	EndGlobalSection
	GlobalSection(SolutionProperties) = preSolution
		HideSolutionNode = FALSE
	EndGlobalSection
	GlobalSection(NestedProjects) = preSolution
		{EF1B8908-422D-4B88-B3C6-8C4D8D37FEA9} = {DB2AAFE6-A0B7-4DFD-98FD-42D4CDEFAA70}
		{55C10B69-8E68-4F3A-82CF-E7E146AA0FDB} = {DB2AAFE6-A0B7-4DFD-98FD-42D4CDEFAA70}
	EndGlobalSection
	GlobalSection(ExtensibilityGlobals) = postSolution
		SolutionGuid = {C6CC9350-C8E8-4BFB-8AC1-3A218228DEB0}
	EndGlobalSection
EndGlobal
